
Microsoft Visual Studio Solution File, Format Version 12.00
# Visual Studio 15
VisualStudioVersion = 15.0.26430.6
MinimumVisualStudioVersion = 10.0.40219.1
Project("{D954291E-2A0B-460D-934E-DC6B0785DB48}") = "DropdownMenu", "DropdownMenu\DropdownMenu\DropdownMenu.shproj", "{FFBEBA22-8635-492A-8403-35BC3DDB2399}"
EndProject
Project("{FAE04EC0-301F-11D3-BF4B-00C04F79EFBC}") = "DropdownMenu.Android", "DropdownMenu\DropdownMenu.Android\DropdownMenu.Android.csproj", "{F8D7B480-9A56-411F-B697-20BA77A17F81}"
EndProject
Project("{FAE04EC0-301F-11D3-BF4B-00C04F79EFBC}") = "DropdownMenu.iOS", "DropdownMenu\DropdownMenu.iOS\DropdownMenu.iOS.csproj", "{45D0E748-F9CA-4B97-A93C-35F74CE0B32D}"
EndProject
Project("{FAE04EC0-301F-11D3-BF4B-00C04F79EFBC}") = "DropdownMenu.UWP", "DropdownMenu\DropdownMenu.UWP\DropdownMenu.UWP.csproj", "{88C544A6-8071-4687-A6D1-D0DAAB2F4ECD}"
EndProject
Global
	GlobalSection(SharedMSBuildProjectFiles) = preSolution
		DropdownMenu\DropdownMenu\DropdownMenu.projitems*{45d0e748-f9ca-4b97-a93c-35f74ce0b32d}*SharedItemsImports = 4
		DropdownMenu\DropdownMenu\DropdownMenu.projitems*{88c544a6-8071-4687-a6d1-d0daab2f4ecd}*SharedItemsImports = 4
		DropdownMenu\DropdownMenu\DropdownMenu.projitems*{f8d7b480-9a56-411f-b697-20ba77a17f81}*SharedItemsImports = 4
		DropdownMenu\DropdownMenu\DropdownMenu.projitems*{ffbeba22-8635-492a-8403-35bc3ddb2399}*SharedItemsImports = 13
	EndGlobalSection
	GlobalSection(SolutionConfigurationPlatforms) = preSolution
		Ad-Hoc|Any CPU = Ad-Hoc|Any CPU
		Ad-Hoc|ARM = Ad-Hoc|ARM
		Ad-Hoc|iPhone = Ad-Hoc|iPhone
		Ad-Hoc|iPhoneSimulator = Ad-Hoc|iPhoneSimulator
		Ad-Hoc|x64 = Ad-Hoc|x64
		Ad-Hoc|x86 = Ad-Hoc|x86
		AppStore|Any CPU = AppStore|Any CPU
		AppStore|ARM = AppStore|ARM
		AppStore|iPhone = AppStore|iPhone
		AppStore|iPhoneSimulator = AppStore|iPhoneSimulator
		AppStore|x64 = AppStore|x64
		AppStore|x86 = AppStore|x86
		Debug|Any CPU = Debug|Any CPU
		Debug|ARM = Debug|ARM
		Debug|iPhone = Debug|iPhone
		Debug|iPhoneSimulator = Debug|iPhoneSimulator
		Debug|x64 = Debug|x64
		Debug|x86 = Debug|x86
		Release|Any CPU = Release|Any CPU
		Release|ARM = Release|ARM
		Release|iPhone = Release|iPhone
		Release|iPhoneSimulator = Release|iPhoneSimulator
		Release|x64 = Release|x64
		Release|x86 = Release|x86
	EndGlobalSection
	GlobalSection(ProjectConfigurationPlatforms) = postSolution
		{F8D7B480-9A56-411F-B697-20BA77A17F81}.Ad-Hoc|Any CPU.ActiveCfg = Release|Any CPU
		{F8D7B480-9A56-411F-B697-20BA77A17F81}.Ad-Hoc|Any CPU.Build.0 = Release|Any CPU
		{F8D7B480-9A56-411F-B697-20BA77A17F81}.Ad-Hoc|Any CPU.Deploy.0 = Release|Any CPU
		{F8D7B480-9A56-411F-B697-20BA77A17F81}.Ad-Hoc|ARM.ActiveCfg = Release|Any CPU
		{F8D7B480-9A56-411F-B697-20BA77A17F81}.Ad-Hoc|ARM.Build.0 = Release|Any CPU
		{F8D7B480-9A56-411F-B697-20BA77A17F81}.Ad-Hoc|ARM.Deploy.0 = Release|Any CPU
		{F8D7B480-9A56-411F-B697-20BA77A17F81}.Ad-Hoc|iPhone.ActiveCfg = Release|Any CPU
		{F8D7B480-9A56-411F-B697-20BA77A17F81}.Ad-Hoc|iPhone.Build.0 = Release|Any CPU
		{F8D7B480-9A56-411F-B697-20BA77A17F81}.Ad-Hoc|iPhone.Deploy.0 = Release|Any CPU
		{F8D7B480-9A56-411F-B697-20BA77A17F81}.Ad-Hoc|iPhoneSimulator.ActiveCfg = Release|Any CPU
		{F8D7B480-9A56-411F-B697-20BA77A17F81}.Ad-Hoc|iPhoneSimulator.Build.0 = Release|Any CPU
		{F8D7B480-9A56-411F-B697-20BA77A17F81}.Ad-Hoc|iPhoneSimulator.Deploy.0 = Release|Any CPU
		{F8D7B480-9A56-411F-B697-20BA77A17F81}.Ad-Hoc|x64.ActiveCfg = Release|Any CPU
		{F8D7B480-9A56-411F-B697-20BA77A17F81}.Ad-Hoc|x64.Build.0 = Release|Any CPU
		{F8D7B480-9A56-411F-B697-20BA77A17F81}.Ad-Hoc|x64.Deploy.0 = Release|Any CPU
		{F8D7B480-9A56-411F-B697-20BA77A17F81}.Ad-Hoc|x86.ActiveCfg = Release|Any CPU
		{F8D7B480-9A56-411F-B697-20BA77A17F81}.Ad-Hoc|x86.Build.0 = Release|Any CPU
		{F8D7B480-9A56-411F-B697-20BA77A17F81}.Ad-Hoc|x86.Deploy.0 = Release|Any CPU
		{F8D7B480-9A56-411F-B697-20BA77A17F81}.AppStore|Any CPU.ActiveCfg = Release|Any CPU
		{F8D7B480-9A56-411F-B697-20BA77A17F81}.AppStore|Any CPU.Build.0 = Release|Any CPU
		{F8D7B480-9A56-411F-B697-20BA77A17F81}.AppStore|Any CPU.Deploy.0 = Release|Any CPU
		{F8D7B480-9A56-411F-B697-20BA77A17F81}.AppStore|ARM.ActiveCfg = Release|Any CPU
		{F8D7B480-9A56-411F-B697-20BA77A17F81}.AppStore|ARM.Build.0 = Release|Any CPU
		{F8D7B480-9A56-411F-B697-20BA77A17F81}.AppStore|ARM.Deploy.0 = Release|Any CPU
		{F8D7B480-9A56-411F-B697-20BA77A17F81}.AppStore|iPhone.ActiveCfg = Release|Any CPU
		{F8D7B480-9A56-411F-B697-20BA77A17F81}.AppStore|iPhone.Build.0 = Release|Any CPU
		{F8D7B480-9A56-411F-B697-20BA77A17F81}.AppStore|iPhone.Deploy.0 = Release|Any CPU
		{F8D7B480-9A56-411F-B697-20BA77A17F81}.AppStore|iPhoneSimulator.ActiveCfg = Release|Any CPU
		{F8D7B480-9A56-411F-B697-20BA77A17F81}.AppStore|iPhoneSimulator.Build.0 = Release|Any CPU
		{F8D7B480-9A56-411F-B697-20BA77A17F81}.AppStore|iPhoneSimulator.Deploy.0 = Release|Any CPU
		{F8D7B480-9A56-411F-B697-20BA77A17F81}.AppStore|x64.ActiveCfg = Release|Any CPU
		{F8D7B480-9A56-411F-B697-20BA77A17F81}.AppStore|x64.Build.0 = Release|Any CPU
		{F8D7B480-9A56-411F-B697-20BA77A17F81}.AppStore|x64.Deploy.0 = Release|Any CPU
		{F8D7B480-9A56-411F-B697-20BA77A17F81}.AppStore|x86.ActiveCfg = Release|Any CPU
		{F8D7B480-9A56-411F-B697-20BA77A17F81}.AppStore|x86.Build.0 = Release|Any CPU
		{F8D7B480-9A56-411F-B697-20BA77A17F81}.AppStore|x86.Deploy.0 = Release|Any CPU
		{F8D7B480-9A56-411F-B697-20BA77A17F81}.Debug|Any CPU.ActiveCfg = Debug|Any CPU
		{F8D7B480-9A56-411F-B697-20BA77A17F81}.Debug|Any CPU.Build.0 = Debug|Any CPU
		{F8D7B480-9A56-411F-B697-20BA77A17F81}.Debug|Any CPU.Deploy.0 = Debug|Any CPU
		{F8D7B480-9A56-411F-B697-20BA77A17F81}.Debug|ARM.ActiveCfg = Debug|Any CPU
		{F8D7B480-9A56-411F-B697-20BA77A17F81}.Debug|ARM.Build.0 = Debug|Any CPU
		{F8D7B480-9A56-411F-B697-20BA77A17F81}.Debug|ARM.Deploy.0 = Debug|Any CPU
		{F8D7B480-9A56-411F-B697-20BA77A17F81}.Debug|iPhone.ActiveCfg = Debug|Any CPU
		{F8D7B480-9A56-411F-B697-20BA77A17F81}.Debug|iPhone.Build.0 = Debug|Any CPU
		{F8D7B480-9A56-411F-B697-20BA77A17F81}.Debug|iPhone.Deploy.0 = Debug|Any CPU
		{F8D7B480-9A56-411F-B697-20BA77A17F81}.Debug|iPhoneSimulator.ActiveCfg = Debug|Any CPU
		{F8D7B480-9A56-411F-B697-20BA77A17F81}.Debug|iPhoneSimulator.Build.0 = Debug|Any CPU
		{F8D7B480-9A56-411F-B697-20BA77A17F81}.Debug|iPhoneSimulator.Deploy.0 = Debug|Any CPU
		{F8D7B480-9A56-411F-B697-20BA77A17F81}.Debug|x64.ActiveCfg = Debug|Any CPU
		{F8D7B480-9A56-411F-B697-20BA77A17F81}.Debug|x64.Build.0 = Debug|Any CPU
		{F8D7B480-9A56-411F-B697-20BA77A17F81}.Debug|x64.Deploy.0 = Debug|Any CPU
		{F8D7B480-9A56-411F-B697-20BA77A17F81}.Debug|x86.ActiveCfg = Debug|Any CPU
		{F8D7B480-9A56-411F-B697-20BA77A17F81}.Debug|x86.Build.0 = Debug|Any CPU
		{F8D7B480-9A56-411F-B697-20BA77A17F81}.Debug|x86.Deploy.0 = Debug|Any CPU
		{F8D7B480-9A56-411F-B697-20BA77A17F81}.Release|Any CPU.ActiveCfg = Release|Any CPU
		{F8D7B480-9A56-411F-B697-20BA77A17F81}.Release|Any CPU.Build.0 = Release|Any CPU
		{F8D7B480-9A56-411F-B697-20BA77A17F81}.Release|Any CPU.Deploy.0 = Release|Any CPU
		{F8D7B480-9A56-411F-B697-20BA77A17F81}.Release|ARM.ActiveCfg = Release|Any CPU
		{F8D7B480-9A56-411F-B697-20BA77A17F81}.Release|ARM.Build.0 = Release|Any CPU
		{F8D7B480-9A56-411F-B697-20BA77A17F81}.Release|ARM.Deploy.0 = Release|Any CPU
		{F8D7B480-9A56-411F-B697-20BA77A17F81}.Release|iPhone.ActiveCfg = Release|Any CPU
		{F8D7B480-9A56-411F-B697-20BA77A17F81}.Release|iPhone.Build.0 = Release|Any CPU
		{F8D7B480-9A56-411F-B697-20BA77A17F81}.Release|iPhone.Deploy.0 = Release|Any CPU
		{F8D7B480-9A56-411F-B697-20BA77A17F81}.Release|iPhoneSimulator.ActiveCfg = Release|Any CPU
		{F8D7B480-9A56-411F-B697-20BA77A17F81}.Release|iPhoneSimulator.Build.0 = Release|Any CPU
		{F8D7B480-9A56-411F-B697-20BA77A17F81}.Release|iPhoneSimulator.Deploy.0 = Release|Any CPU
		{F8D7B480-9A56-411F-B697-20BA77A17F81}.Release|x64.ActiveCfg = Release|Any CPU
		{F8D7B480-9A56-411F-B697-20BA77A17F81}.Release|x64.Build.0 = Release|Any CPU
		{F8D7B480-9A56-411F-B697-20BA77A17F81}.Release|x64.Deploy.0 = Release|Any CPU
		{F8D7B480-9A56-411F-B697-20BA77A17F81}.Release|x86.ActiveCfg = Release|Any CPU
		{F8D7B480-9A56-411F-B697-20BA77A17F81}.Release|x86.Build.0 = Release|Any CPU
		{F8D7B480-9A56-411F-B697-20BA77A17F81}.Release|x86.Deploy.0 = Release|Any CPU
		{45D0E748-F9CA-4B97-A93C-35F74CE0B32D}.Ad-Hoc|Any CPU.ActiveCfg = Ad-Hoc|iPhone
		{45D0E748-F9CA-4B97-A93C-35F74CE0B32D}.Ad-Hoc|ARM.ActiveCfg = Ad-Hoc|iPhone
		{45D0E748-F9CA-4B97-A93C-35F74CE0B32D}.Ad-Hoc|iPhone.ActiveCfg = Ad-Hoc|iPhone
		{45D0E748-F9CA-4B97-A93C-35F74CE0B32D}.Ad-Hoc|iPhone.Build.0 = Ad-Hoc|iPhone
		{45D0E748-F9CA-4B97-A93C-35F74CE0B32D}.Ad-Hoc|iPhoneSimulator.ActiveCfg = Ad-Hoc|iPhoneSimulator
		{45D0E748-F9CA-4B97-A93C-35F74CE0B32D}.Ad-Hoc|iPhoneSimulator.Build.0 = Ad-Hoc|iPhoneSimulator
		{45D0E748-F9CA-4B97-A93C-35F74CE0B32D}.Ad-Hoc|x64.ActiveCfg = Ad-Hoc|iPhone
		{45D0E748-F9CA-4B97-A93C-35F74CE0B32D}.Ad-Hoc|x86.ActiveCfg = Ad-Hoc|iPhone
		{45D0E748-F9CA-4B97-A93C-35F74CE0B32D}.AppStore|Any CPU.ActiveCfg = AppStore|iPhone
		{45D0E748-F9CA-4B97-A93C-35F74CE0B32D}.AppStore|ARM.ActiveCfg = AppStore|iPhone
		{45D0E748-F9CA-4B97-A93C-35F74CE0B32D}.AppStore|iPhone.ActiveCfg = AppStore|iPhone
		{45D0E748-F9CA-4B97-A93C-35F74CE0B32D}.AppStore|iPhone.Build.0 = AppStore|iPhone
		{45D0E748-F9CA-4B97-A93C-35F74CE0B32D}.AppStore|iPhoneSimulator.ActiveCfg = AppStore|iPhoneSimulator
		{45D0E748-F9CA-4B97-A93C-35F74CE0B32D}.AppStore|iPhoneSimulator.Build.0 = AppStore|iPhoneSimulator
		{45D0E748-F9CA-4B97-A93C-35F74CE0B32D}.AppStore|x64.ActiveCfg = AppStore|iPhone
		{45D0E748-F9CA-4B97-A93C-35F74CE0B32D}.AppStore|x86.ActiveCfg = AppStore|iPhone
		{45D0E748-F9CA-4B97-A93C-35F74CE0B32D}.Debug|Any CPU.ActiveCfg = Debug|iPhone
		{45D0E748-F9CA-4B97-A93C-35F74CE0B32D}.Debug|ARM.ActiveCfg = Debug|iPhone
		{45D0E748-F9CA-4B97-A93C-35F74CE0B32D}.Debug|iPhone.ActiveCfg = Debug|iPhone
		{45D0E748-F9CA-4B97-A93C-35F74CE0B32D}.Debug|iPhone.Build.0 = Debug|iPhone
		{45D0E748-F9CA-4B97-A93C-35F74CE0B32D}.Debug|iPhoneSimulator.ActiveCfg = Debug|iPhoneSimulator
		{45D0E748-F9CA-4B97-A93C-35F74CE0B32D}.Debug|iPhoneSimulator.Build.0 = Debug|iPhoneSimulator
		{45D0E748-F9CA-4B97-A93C-35F74CE0B32D}.Debug|x64.ActiveCfg = Debug|iPhone
		{45D0E748-F9CA-4B97-A93C-35F74CE0B32D}.Debug|x86.ActiveCfg = Debug|iPhone
		{45D0E748-F9CA-4B97-A93C-35F74CE0B32D}.Release|Any CPU.ActiveCfg = Release|iPhone
		{45D0E748-F9CA-4B97-A93C-35F74CE0B32D}.Release|ARM.ActiveCfg = Release|iPhone
		{45D0E748-F9CA-4B97-A93C-35F74CE0B32D}.Release|iPhone.ActiveCfg = Release|iPhone
		{45D0E748-F9CA-4B97-A93C-35F74CE0B32D}.Release|iPhone.Build.0 = Release|iPhone
		{45D0E748-F9CA-4B97-A93C-35F74CE0B32D}.Release|iPhoneSimulator.ActiveCfg = Release|iPhoneSimulator
		{45D0E748-F9CA-4B97-A93C-35F74CE0B32D}.Release|iPhoneSimulator.Build.0 = Release|iPhoneSimulator
		{45D0E748-F9CA-4B97-A93C-35F74CE0B32D}.Release|x64.ActiveCfg = Release|iPhone
		{45D0E748-F9CA-4B97-A93C-35F74CE0B32D}.Release|x86.ActiveCfg = Release|iPhone
		{88C544A6-8071-4687-A6D1-D0DAAB2F4ECD}.Ad-Hoc|Any CPU.ActiveCfg = Release|x86
		{88C544A6-8071-4687-A6D1-D0DAAB2F4ECD}.Ad-Hoc|Any CPU.Build.0 = Release|x86
		{88C544A6-8071-4687-A6D1-D0DAAB2F4ECD}.Ad-Hoc|Any CPU.Deploy.0 = Release|x86
		{88C544A6-8071-4687-A6D1-D0DAAB2F4ECD}.Ad-Hoc|ARM.ActiveCfg = Release|ARM
		{88C544A6-8071-4687-A6D1-D0DAAB2F4ECD}.Ad-Hoc|ARM.Build.0 = Release|ARM
		{88C544A6-8071-4687-A6D1-D0DAAB2F4ECD}.Ad-Hoc|ARM.Deploy.0 = Release|ARM
		{88C544A6-8071-4687-A6D1-D0DAAB2F4ECD}.Ad-Hoc|iPhone.ActiveCfg = Release|x86
		{88C544A6-8071-4687-A6D1-D0DAAB2F4ECD}.Ad-Hoc|iPhone.Build.0 = Release|x86
		{88C544A6-8071-4687-A6D1-D0DAAB2F4ECD}.Ad-Hoc|iPhone.Deploy.0 = Release|x86
		{88C544A6-8071-4687-A6D1-D0DAAB2F4ECD}.Ad-Hoc|iPhoneSimulator.ActiveCfg = Release|x86
		{88C544A6-8071-4687-A6D1-D0DAAB2F4ECD}.Ad-Hoc|iPhoneSimulator.Build.0 = Release|x86
		{88C544A6-8071-4687-A6D1-D0DAAB2F4ECD}.Ad-Hoc|iPhoneSimulator.Deploy.0 = Release|x86
		{88C544A6-8071-4687-A6D1-D0DAAB2F4ECD}.Ad-Hoc|x64.ActiveCfg = Release|x64
		{88C544A6-8071-4687-A6D1-D0DAAB2F4ECD}.Ad-Hoc|x64.Build.0 = Release|x64
		{88C544A6-8071-4687-A6D1-D0DAAB2F4ECD}.Ad-Hoc|x64.Deploy.0 = Release|x64
		{88C544A6-8071-4687-A6D1-D0DAAB2F4ECD}.Ad-Hoc|x86.ActiveCfg = Release|x86
		{88C544A6-8071-4687-A6D1-D0DAAB2F4ECD}.Ad-Hoc|x86.Build.0 = Release|x86
		{88C544A6-8071-4687-A6D1-D0DAAB2F4ECD}.Ad-Hoc|x86.Deploy.0 = Release|x86
		{88C544A6-8071-4687-A6D1-D0DAAB2F4ECD}.AppStore|Any CPU.ActiveCfg = Release|x86
		{88C544A6-8071-4687-A6D1-D0DAAB2F4ECD}.AppStore|Any CPU.Build.0 = Release|x86
		{88C544A6-8071-4687-A6D1-D0DAAB2F4ECD}.AppStore|Any CPU.Deploy.0 = Release|x86
		{88C544A6-8071-4687-A6D1-D0DAAB2F4ECD}.AppStore|ARM.ActiveCfg = Release|ARM
		{88C544A6-8071-4687-A6D1-D0DAAB2F4ECD}.AppStore|ARM.Build.0 = Release|ARM
		{88C544A6-8071-4687-A6D1-D0DAAB2F4ECD}.AppStore|ARM.Deploy.0 = Release|ARM
		{88C544A6-8071-4687-A6D1-D0DAAB2F4ECD}.AppStore|iPhone.ActiveCfg = Release|x86
		{88C544A6-8071-4687-A6D1-D0DAAB2F4ECD}.AppStore|iPhone.Build.0 = Release|x86
		{88C544A6-8071-4687-A6D1-D0DAAB2F4ECD}.AppStore|iPhone.Deploy.0 = Release|x86
		{88C544A6-8071-4687-A6D1-D0DAAB2F4ECD}.AppStore|iPhoneSimulator.ActiveCfg = Release|x86
		{88C544A6-8071-4687-A6D1-D0DAAB2F4ECD}.AppStore|iPhoneSimulator.Build.0 = Release|x86
		{88C544A6-8071-4687-A6D1-D0DAAB2F4ECD}.AppStore|iPhoneSimulator.Deploy.0 = Release|x86
		{88C544A6-8071-4687-A6D1-D0DAAB2F4ECD}.AppStore|x64.ActiveCfg = Release|x64
		{88C544A6-8071-4687-A6D1-D0DAAB2F4ECD}.AppStore|x64.Build.0 = Release|x64
		{88C544A6-8071-4687-A6D1-D0DAAB2F4ECD}.AppStore|x64.Deploy.0 = Release|x64
		{88C544A6-8071-4687-A6D1-D0DAAB2F4ECD}.AppStore|x86.ActiveCfg = Release|x86
		{88C544A6-8071-4687-A6D1-D0DAAB2F4ECD}.AppStore|x86.Build.0 = Release|x86
		{88C544A6-8071-4687-A6D1-D0DAAB2F4ECD}.AppStore|x86.Deploy.0 = Release|x86
		{88C544A6-8071-4687-A6D1-D0DAAB2F4ECD}.Debug|Any CPU.ActiveCfg = Debug|x86
		{88C544A6-8071-4687-A6D1-D0DAAB2F4ECD}.Debug|ARM.ActiveCfg = Debug|ARM
		{88C544A6-8071-4687-A6D1-D0DAAB2F4ECD}.Debug|ARM.Build.0 = Debug|ARM
		{88C544A6-8071-4687-A6D1-D0DAAB2F4ECD}.Debug|ARM.Deploy.0 = Debug|ARM
		{88C544A6-8071-4687-A6D1-D0DAAB2F4ECD}.Debug|iPhone.ActiveCfg = Debug|x86
		{88C544A6-8071-4687-A6D1-D0DAAB2F4ECD}.Debug|iPhoneSimulator.ActiveCfg = Debug|x86
		{88C544A6-8071-4687-A6D1-D0DAAB2F4ECD}.Debug|x64.ActiveCfg = Debug|x64
		{88C544A6-8071-4687-A6D1-D0DAAB2F4ECD}.Debug|x64.Build.0 = Debug|x64
		{88C544A6-8071-4687-A6D1-D0DAAB2F4ECD}.Debug|x64.Deploy.0 = Debug|x64
		{88C544A6-8071-4687-A6D1-D0DAAB2F4ECD}.Debug|x86.ActiveCfg = Debug|x86
		{88C544A6-8071-4687-A6D1-D0DAAB2F4ECD}.Debug|x86.Build.0 = Debug|x86
		{88C544A6-8071-4687-A6D1-D0DAAB2F4ECD}.Debug|x86.Deploy.0 = Debug|x86
		{88C544A6-8071-4687-A6D1-D0DAAB2F4ECD}.Release|Any CPU.ActiveCfg = Release|x86
		{88C544A6-8071-4687-A6D1-D0DAAB2F4ECD}.Release|ARM.ActiveCfg = Release|ARM
		{88C544A6-8071-4687-A6D1-D0DAAB2F4ECD}.Release|ARM.Build.0 = Release|ARM
		{88C544A6-8071-4687-A6D1-D0DAAB2F4ECD}.Release|ARM.Deploy.0 = Release|ARM
		{88C544A6-8071-4687-A6D1-D0DAAB2F4ECD}.Release|iPhone.ActiveCfg = Release|x86
		{88C544A6-8071-4687-A6D1-D0DAAB2F4ECD}.Release|iPhoneSimulator.ActiveCfg = Release|x86
		{88C544A6-8071-4687-A6D1-D0DAAB2F4ECD}.Release|x64.ActiveCfg = Release|x64
		{88C544A6-8071-4687-A6D1-D0DAAB2F4ECD}.Release|x64.Build.0 = Release|x64
		{88C544A6-8071-4687-A6D1-D0DAAB2F4ECD}.Release|x64.Deploy.0 = Release|x64
		{88C544A6-8071-4687-A6D1-D0DAAB2F4ECD}.Release|x86.ActiveCfg = Release|x86
		{88C544A6-8071-4687-A6D1-D0DAAB2F4ECD}.Release|x86.Build.0 = Release|x86
		{88C544A6-8071-4687-A6D1-D0DAAB2F4ECD}.Release|x86.Deploy.0 = Release|x86
	EndGlobalSection
	GlobalSection(SolutionProperties) = preSolution
		HideSolutionNode = FALSE
	EndGlobalSection
EndGlobal
